// !$*UTF8*$!
{
	archiveVersion = 1;
	classes = {
	};
	objectVersion = 77;
	objects = {

/* Begin PBXBuildFile section */
		8269D3422F3F9C110000E27B /* Clip.app in Embed App Clips */ = {isa = PBXBuildFile; fileRef = 8269D31E2F3F9C100000E27B /* Clip.app */; settings = {ATTRIBUTES = (RemoveHeadersOnCopy, ); }; };
		826AA0202F3FA0020000E27B /* Supabase in Frameworks */ = {isa = PBXBuildFile; productRef = 826AA0102F3FA0010000E27B /* Supabase */; };
		826AA0212F3FA0020000E27B /* Functions in Frameworks */ = {isa = PBXBuildFile; productRef = 826AA0112F3FA0010000E27B /* Functions */; };
		826AA0222F3FA0020000E27B /* PostgREST in Frameworks */ = {isa = PBXBuildFile; productRef = 826AA0122F3FA0010000E27B /* PostgREST */; };
		82E9A3EB2F3D6F2D00DD425A /* Auth in Frameworks */ = {isa = PBXBuildFile; productRef = 82E9A3EA2F3D6F2D00DD425A /* Auth */; };
		82E9A3ED2F3D6F2D00DD425A /* Functions in Frameworks */ = {isa = PBXBuildFile; productRef = 82E9A3EC2F3D6F2D00DD425A /* Functions */; };
		82E9A3EF2F3D6F2D00DD425A /* PostgREST in Frameworks */ = {isa = PBXBuildFile; productRef = 82E9A3EE2F3D6F2D00DD425A /* PostgREST */; };
		82E9A3F12F3D6F2D00DD425A /* Realtime in Frameworks */ = {isa = PBXBuildFile; productRef = 82E9A3F02F3D6F2D00DD425A /* Realtime */; };
		82E9A3F32F3D6F2D00DD425A /* Storage in Frameworks */ = {isa = PBXBuildFile; productRef = 82E9A3F22F3D6F2D00DD425A /* Storage */; };
		82E9A4002F3D700000DD425A /* Supabase in Frameworks */ = {isa = PBXBuildFile; productRef = 82E9A3FF2F3D700000DD425A /* Supabase */; };
/* End PBXBuildFile section */

/* Begin PBXContainerItemProxy section */
		8269D32F2F3F9C110000E27B /* PBXContainerItemProxy */ = {
			isa = PBXContainerItemProxy;
			containerPortal = 82E9A3B52F3D6EBA00DD425A /* Project object */;
			proxyType = 1;
			remoteGlobalIDString = 8269D31D2F3F9C100000E27B;
			remoteInfo = Clip;
		};
		8269D3392F3F9C110000E27B /* PBXContainerItemProxy */ = {
			isa = PBXContainerItemProxy;
			containerPortal = 82E9A3B52F3D6EBA00DD425A /* Project object */;
			proxyType = 1;
			remoteGlobalIDString = 8269D31D2F3F9C100000E27B;
			remoteInfo = Clip;
		};
		8269D3402F3F9C110000E27B /* PBXContainerItemProxy */ = {
			isa = PBXContainerItemProxy;
			containerPortal = 82E9A3B52F3D6EBA00DD425A /* Project object */;
			proxyType = 1;
			remoteGlobalIDString = 8269D31D2F3F9C100000E27B;
			remoteInfo = Clip;
		};
		82E9A3CD2F3D6EBB00DD425A /* PBXContainerItemProxy */ = {
			isa = PBXContainerItemProxy;
			containerPortal = 82E9A3B52F3D6EBA00DD425A /* Project object */;
			proxyType = 1;
			remoteGlobalIDString = 82E9A3BC2F3D6EBA00DD425A;
			remoteInfo = TeleportMe;
		};
		82E9A3D72F3D6EBB00DD425A /* PBXContainerItemProxy */ = {
			isa = PBXContainerItemProxy;
			containerPortal = 82E9A3B52F3D6EBA00DD425A /* Project object */;
			proxyType = 1;
			remoteGlobalIDString = 82E9A3BC2F3D6EBA00DD425A;
			remoteInfo = TeleportMe;
		};
/* End PBXContainerItemProxy section */

/* Begin PBXCopyFilesBuildPhase section */
		8269D3472F3F9C110000E27B /* Embed App Clips */ = {
			isa = PBXCopyFilesBuildPhase;
			buildActionMask = 2147483647;
			dstPath = "$(CONTENTS_FOLDER_PATH)/AppClips";
			dstSubfolderSpec = 16;
			files = (
				8269D3422F3F9C110000E27B /* Clip.app in Embed App Clips */,
			);
			name = "Embed App Clips";
			runOnlyForDeploymentPostprocessing = 0;
		};
/* End PBXCopyFilesBuildPhase section */

/* Begin PBXFileReference section */
		8269D31E2F3F9C100000E27B /* Clip.app */ = {isa = PBXFileReference; explicitFileType = wrapper.application; includeInIndex = 0; path = Clip.app; sourceTree = BUILT_PRODUCTS_DIR; };
		8269D32E2F3F9C110000E27B /* ClipTests.xctest */ = {isa = PBXFileReference; explicitFileType = wrapper.cfbundle; includeInIndex = 0; path = ClipTests.xctest; sourceTree = BUILT_PRODUCTS_DIR; };
		8269D3382F3F9C110000E27B /* ClipUITests.xctest */ = {isa = PBXFileReference; explicitFileType = wrapper.cfbundle; includeInIndex = 0; path = ClipUITests.xctest; sourceTree = BUILT_PRODUCTS_DIR; };
		82E9A3BD2F3D6EBA00DD425A /* TeleportMe.app */ = {isa = PBXFileReference; explicitFileType = wrapper.application; includeInIndex = 0; path = TeleportMe.app; sourceTree = BUILT_PRODUCTS_DIR; };
		82E9A3CC2F3D6EBB00DD425A /* TeleportMeTests.xctest */ = {isa = PBXFileReference; explicitFileType = wrapper.cfbundle; includeInIndex = 0; path = TeleportMeTests.xctest; sourceTree = BUILT_PRODUCTS_DIR; };
		82E9A3D62F3D6EBB00DD425A /* TeleportMeUITests.xctest */ = {isa = PBXFileReference; explicitFileType = wrapper.cfbundle; includeInIndex = 0; path = TeleportMeUITests.xctest; sourceTree = BUILT_PRODUCTS_DIR; };
/* End PBXFileReference section */

/* Begin PBXFileSystemSynchronizedBuildFileExceptionSet section */
		8269D3432F3F9C110000E27B /* Exceptions for "Clip" folder in "Clip" target */ = {
			isa = PBXFileSystemSynchronizedBuildFileExceptionSet;
			membershipExceptions = (
				Info.plist,
			);
			target = 8269D31D2F3F9C100000E27B /* Clip */;
		};
		826AA0012F3FA0000000E27B /* Exceptions for "TeleportMe" folder in "Clip" target */ = {
			isa = PBXFileSystemSynchronizedBuildFileExceptionSet;
			membershipExceptions = (
				Config/Secrets.swift,
				Core/Design/Components.swift,
				Core/Design/TeleportTheme.swift,
				Core/Models/Models.swift,
				Core/Services/AnalyticsService.swift,
				Core/Services/CityService.swift,
				Core/Services/ExplorationService.swift,
				Core/Services/SupabaseManager.swift,
				Core/Utilities/AsyncHelpers.swift,
				Core/Utilities/CacheManager.swift,
			);
			target = 8269D31D2F3F9C100000E27B /* Clip */;
		};
		826AA0022F3FA0010000E27B /* Exceptions for "TeleportMe" folder in "TeleportMe" target */ = {
			isa = PBXFileSystemSynchronizedBuildFileExceptionSet;
			membershipExceptions = (
				Info.plist,
			);
			target = 82E9A3BC2F3D6EBA00DD425A /* TeleportMe */;
		};
/* End PBXFileSystemSynchronizedBuildFileExceptionSet section */

/* Begin PBXFileSystemSynchronizedRootGroup section */
		8269D31F2F3F9C100000E27B /* Clip */ = {
			isa = PBXFileSystemSynchronizedRootGroup;
			exceptions = (
				8269D3432F3F9C110000E27B /* Exceptions for "Clip" folder in "Clip" target */,
			);
			path = Clip;
			sourceTree = "<group>";
		};
		8269D3312F3F9C110000E27B /* ClipTests */ = {
			isa = PBXFileSystemSynchronizedRootGroup;
			path = ClipTests;
			sourceTree = "<group>";
		};
		8269D33B2F3F9C110000E27B /* ClipUITests */ = {
			isa = PBXFileSystemSynchronizedRootGroup;
			path = ClipUITests;
			sourceTree = "<group>";
		};
		82E9A3BF2F3D6EBA00DD425A /* TeleportMe */ = {
			isa = PBXFileSystemSynchronizedRootGroup;
			exceptions = (
				826AA0022F3FA0010000E27B /* Exceptions for "TeleportMe" folder in "TeleportMe" target */,
				826AA0012F3FA0000000E27B /* Exceptions for "TeleportMe" folder in "Clip" target */,
			);
			path = TeleportMe;
			sourceTree = "<group>";
		};
		82E9A3CF2F3D6EBB00DD425A /* TeleportMeTests */ = {
			isa = PBXFileSystemSynchronizedRootGroup;
			path = TeleportMeTests;
			sourceTree = "<group>";
		};
		82E9A3D92F3D6EBB00DD425A /* TeleportMeUITests */ = {
			isa = PBXFileSystemSynchronizedRootGroup;
			path = TeleportMeUITests;
			sourceTree = "<group>";
		};
/* End PBXFileSystemSynchronizedRootGroup section */

/* Begin PBXFrameworksBuildPhase section */
		8269D31B2F3F9C100000E27B /* Frameworks */ = {
			isa = PBXFrameworksBuildPhase;
			buildActionMask = 2147483647;
			files = (
				826AA0202F3FA0020000E27B /* Supabase in Frameworks */,
				826AA0212F3FA0020000E27B /* Functions in Frameworks */,
				826AA0222F3FA0020000E27B /* PostgREST in Frameworks */,
			);
			runOnlyForDeploymentPostprocessing = 0;
		};
		8269D32B2F3F9C110000E27B /* Frameworks */ = {
			isa = PBXFrameworksBuildPhase;
			buildActionMask = 2147483647;
			files = (
			);
			runOnlyForDeploymentPostprocessing = 0;
		};
		8269D3352F3F9C110000E27B /* Frameworks */ = {
			isa = PBXFrameworksBuildPhase;
			buildActionMask = 2147483647;
			files = (
			);
			runOnlyForDeploymentPostprocessing = 0;
		};
		82E9A3BA2F3D6EBA00DD425A /* Frameworks */ = {
			isa = PBXFrameworksBuildPhase;
			buildActionMask = 2147483647;
			files = (
				82E9A3EF2F3D6F2D00DD425A /* PostgREST in Frameworks */,
				82E9A3ED2F3D6F2D00DD425A /* Functions in Frameworks */,
				82E9A3EB2F3D6F2D00DD425A /* Auth in Frameworks */,
				82E9A3F32F3D6F2D00DD425A /* Storage in Frameworks */,
				82E9A3F12F3D6F2D00DD425A /* Realtime in Frameworks */,
				82E9A4002F3D700000DD425A /* Supabase in Frameworks */,
			);
			runOnlyForDeploymentPostprocessing = 0;
		};
		82E9A3C92F3D6EBB00DD425A /* Frameworks */ = {
			isa = PBXFrameworksBuildPhase;
			buildActionMask = 2147483647;
			files = (
			);
			runOnlyForDeploymentPostprocessing = 0;
		};
		82E9A3D32F3D6EBB00DD425A /* Frameworks */ = {
			isa = PBXFrameworksBuildPhase;
			buildActionMask = 2147483647;
			files = (
			);
			runOnlyForDeploymentPostprocessing = 0;
		};
/* End PBXFrameworksBuildPhase section */

/* Begin PBXGroup section */
		82E9A3B42F3D6EBA00DD425A = {
			isa = PBXGroup;
			children = (
				82E9A3BF2F3D6EBA00DD425A /* TeleportMe */,
				82E9A3CF2F3D6EBB00DD425A /* TeleportMeTests */,
				82E9A3D92F3D6EBB00DD425A /* TeleportMeUITests */,
				8269D31F2F3F9C100000E27B /* Clip */,
				8269D3312F3F9C110000E27B /* ClipTests */,
				8269D33B2F3F9C110000E27B /* ClipUITests */,
				82E9A3BE2F3D6EBA00DD425A /* Products */,
			);
			sourceTree = "<group>";
		};
		82E9A3BE2F3D6EBA00DD425A /* Products */ = {
			isa = PBXGroup;
			children = (
				82E9A3BD2F3D6EBA00DD425A /* TeleportMe.app */,
				82E9A3CC2F3D6EBB00DD425A /* TeleportMeTests.xctest */,
				82E9A3D62F3D6EBB00DD425A /* TeleportMeUITests.xctest */,
				8269D31E2F3F9C100000E27B /* Clip.app */,
				8269D32E2F3F9C110000E27B /* ClipTests.xctest */,
				8269D3382F3F9C110000E27B /* ClipUITests.xctest */,
			);
			name = Products;
			sourceTree = "<group>";
		};
/* End PBXGroup section */

/* Begin PBXNativeTarget section */
		8269D31D2F3F9C100000E27B /* Clip */ = {
			isa = PBXNativeTarget;
			buildConfigurationList = 8269D3442F3F9C110000E27B /* Build configuration list for PBXNativeTarget "Clip" */;
			buildPhases = (
				8269D31A2F3F9C100000E27B /* Sources */,
				8269D31B2F3F9C100000E27B /* Frameworks */,
				8269D31C2F3F9C100000E27B /* Resources */,
			);
			buildRules = (
			);
			dependencies = (
			);
			fileSystemSynchronizedGroups = (
				8269D31F2F3F9C100000E27B /* Clip */,
			);
			name = Clip;
			packageProductDependencies = (
				826AA0102F3FA0010000E27B /* Supabase */,
				826AA0112F3FA0010000E27B /* Functions */,
				826AA0122F3FA0010000E27B /* PostgREST */,
			);
			productName = Clip;
			productReference = 8269D31E2F3F9C100000E27B /* Clip.app */;
			productType = "com.apple.product-type.application.on-demand-install-capable";
		};
		8269D32D2F3F9C110000E27B /* ClipTests */ = {
			isa = PBXNativeTarget;
			buildConfigurationList = 8269D3482F3F9C110000E27B /* Build configuration list for PBXNativeTarget "ClipTests" */;
			buildPhases = (
				8269D32A2F3F9C110000E27B /* Sources */,
				8269D32B2F3F9C110000E27B /* Frameworks */,
				8269D32C2F3F9C110000E27B /* Resources */,
			);
			buildRules = (
			);
			dependencies = (
				8269D3302F3F9C110000E27B /* PBXTargetDependency */,
			);
			fileSystemSynchronizedGroups = (
				8269D3312F3F9C110000E27B /* ClipTests */,
			);
			name = ClipTests;
			packageProductDependencies = (
			);
			productName = ClipTests;
			productReference = 8269D32E2F3F9C110000E27B /* ClipTests.xctest */;
			productType = "com.apple.product-type.bundle.unit-test";
		};
		8269D3372F3F9C110000E27B /* ClipUITests */ = {
			isa = PBXNativeTarget;
			buildConfigurationList = 8269D34B2F3F9C110000E27B /* Build configuration list for PBXNativeTarget "ClipUITests" */;
			buildPhases = (
				8269D3342F3F9C110000E27B /* Sources */,
				8269D3352F3F9C110000E27B /* Frameworks */,
				8269D3362F3F9C110000E27B /* Resources */,
			);
			buildRules = (
			);
			dependencies = (
				8269D33A2F3F9C110000E27B /* PBXTargetDependency */,
			);
			fileSystemSynchronizedGroups = (
				8269D33B2F3F9C110000E27B /* ClipUITests */,
			);
			name = ClipUITests;
			packageProductDependencies = (
			);
			productName = ClipUITests;
			productReference = 8269D3382F3F9C110000E27B /* ClipUITests.xctest */;
			productType = "com.apple.product-type.bundle.ui-testing";
		};
		82E9A3BC2F3D6EBA00DD425A /* TeleportMe */ = {
			isa = PBXNativeTarget;
			buildConfigurationList = 82E9A3E02F3D6EBB00DD425A /* Build configuration list for PBXNativeTarget "TeleportMe" */;
			buildPhases = (
				82E9A3B92F3D6EBA00DD425A /* Sources */,
				82E9A3BA2F3D6EBA00DD425A /* Frameworks */,
				82E9A3BB2F3D6EBA00DD425A /* Resources */,
				8269D3472F3F9C110000E27B /* Embed App Clips */,
			);
			buildRules = (
			);
			dependencies = (
				8269D3412F3F9C110000E27B /* PBXTargetDependency */,
			);
			fileSystemSynchronizedGroups = (
				82E9A3BF2F3D6EBA00DD425A /* TeleportMe */,
			);
			name = TeleportMe;
			packageProductDependencies = (
				82E9A3EA2F3D6F2D00DD425A /* Auth */,
				82E9A3EC2F3D6F2D00DD425A /* Functions */,
				82E9A3EE2F3D6F2D00DD425A /* PostgREST */,
				82E9A3F02F3D6F2D00DD425A /* Realtime */,
				82E9A3F22F3D6F2D00DD425A /* Storage */,
				82E9A3FF2F3D700000DD425A /* Supabase */,
			);
			productName = TeleportMe;
			productReference = 82E9A3BD2F3D6EBA00DD425A /* TeleportMe.app */;
			productType = "com.apple.product-type.application";
		};
		82E9A3CB2F3D6EBB00DD425A /* TeleportMeTests */ = {
			isa = PBXNativeTarget;
			buildConfigurationList = 82E9A3E32F3D6EBB00DD425A /* Build configuration list for PBXNativeTarget "TeleportMeTests" */;
			buildPhases = (
				82E9A3C82F3D6EBB00DD425A /* Sources */,
				82E9A3C92F3D6EBB00DD425A /* Frameworks */,
				82E9A3CA2F3D6EBB00DD425A /* Resources */,
			);
			buildRules = (
			);
			dependencies = (
				82E9A3CE2F3D6EBB00DD425A /* PBXTargetDependency */,
			);
			fileSystemSynchronizedGroups = (
				82E9A3CF2F3D6EBB00DD425A /* TeleportMeTests */,
			);
			name = TeleportMeTests;
			packageProductDependencies = (
			);
			productName = TeleportMeTests;
			productReference = 82E9A3CC2F3D6EBB00DD425A /* TeleportMeTests.xctest */;
			productType = "com.apple.product-type.bundle.unit-test";
		};
		82E9A3D52F3D6EBB00DD425A /* TeleportMeUITests */ = {
			isa = PBXNativeTarget;
			buildConfigurationList = 82E9A3E62F3D6EBB00DD425A /* Build configuration list for PBXNativeTarget "TeleportMeUITests" */;
			buildPhases = (
				82E9A3D22F3D6EBB00DD425A /* Sources */,
				82E9A3D32F3D6EBB00DD425A /* Frameworks */,
				82E9A3D42F3D6EBB00DD425A /* Resources */,
			);
			buildRules = (
			);
			dependencies = (
				82E9A3D82F3D6EBB00DD425A /* PBXTargetDependency */,
			);
			fileSystemSynchronizedGroups = (
				82E9A3D92F3D6EBB00DD425A /* TeleportMeUITests */,
			);
			name = TeleportMeUITests;
			packageProductDependencies = (
			);
			productName = TeleportMeUITests;
			productReference = 82E9A3D62F3D6EBB00DD425A /* TeleportMeUITests.xctest */;
			productType = "com.apple.product-type.bundle.ui-testing";
		};
/* End PBXNativeTarget section */

/* Begin PBXProject section */
		82E9A3B52F3D6EBA00DD425A /* Project object */ = {
			isa = PBXProject;
			attributes = {
				BuildIndependentTargetsInParallel = 1;
				LastSwiftUpdateCheck = 2620;
				LastUpgradeCheck = 2620;
				TargetAttributes = {
					8269D31D2F3F9C100000E27B = {
						CreatedOnToolsVersion = 26.2;
					};
					8269D32D2F3F9C110000E27B = {
						CreatedOnToolsVersion = 26.2;
						TestTargetID = 8269D31D2F3F9C100000E27B;
					};
					8269D3372F3F9C110000E27B = {
						CreatedOnToolsVersion = 26.2;
						TestTargetID = 8269D31D2F3F9C100000E27B;
					};
					82E9A3BC2F3D6EBA00DD425A = {
						CreatedOnToolsVersion = 26.2;
					};
					82E9A3CB2F3D6EBB00DD425A = {
						CreatedOnToolsVersion = 26.2;
						TestTargetID = 82E9A3BC2F3D6EBA00DD425A;
					};
					82E9A3D52F3D6EBB00DD425A = {
						CreatedOnToolsVersion = 26.2;
						TestTargetID = 82E9A3BC2F3D6EBA00DD425A;
					};
				};
			};
			buildConfigurationList = 82E9A3B82F3D6EBA00DD425A /* Build configuration list for PBXProject "TeleportMe" */;
			developmentRegion = en;
			hasScannedForEncodings = 0;
			knownRegions = (
				en,
				Base,
			);
			mainGroup = 82E9A3B42F3D6EBA00DD425A;
			minimizedProjectReferenceProxies = 1;
			packageReferences = (
				82E9A3E92F3D6F2D00DD425A /* XCRemoteSwiftPackageReference "supabase-swift" */,
			);
			preferredProjectObjectVersion = 77;
			productRefGroup = 82E9A3BE2F3D6EBA00DD425A /* Products */;
			projectDirPath = "";
			projectRoot = "";
			targets = (
				82E9A3BC2F3D6EBA00DD425A /* TeleportMe */,
				82E9A3CB2F3D6EBB00DD425A /* TeleportMeTests */,
				82E9A3D52F3D6EBB00DD425A /* TeleportMeUITests */,
				8269D31D2F3F9C100000E27B /* Clip */,
				8269D32D2F3F9C110000E27B /* ClipTests */,
				8269D3372F3F9C110000E27B /* ClipUITests */,
			);
		};
/* End PBXProject section */

/* Begin PBXResourcesBuildPhase section */
		8269D31C2F3F9C100000E27B /* Resources */ = {
			isa = PBXResourcesBuildPhase;
			buildActionMask = 2147483647;
			files = (
			);
			runOnlyForDeploymentPostprocessing = 0;
		};
		8269D32C2F3F9C110000E27B /* Resources */ = {
			isa = PBXResourcesBuildPhase;
			buildActionMask = 2147483647;
			files = (
			);
			runOnlyForDeploymentPostprocessing = 0;
		};
		8269D3362F3F9C110000E27B /* Resources */ = {
			isa = PBXResourcesBuildPhase;
			buildActionMask = 2147483647;
			files = (
			);
			runOnlyForDeploymentPostprocessing = 0;
		};
		82E9A3BB2F3D6EBA00DD425A /* Resources */ = {
			isa = PBXResourcesBuildPhase;
			buildActionMask = 2147483647;
			files = (
			);
			runOnlyForDeploymentPostprocessing = 0;
		};
		82E9A3CA2F3D6EBB00DD425A /* Resources */ = {
			isa = PBXResourcesBuildPhase;
			buildActionMask = 2147483647;
			files = (
			);
			runOnlyForDeploymentPostprocessing = 0;
		};
		82E9A3D42F3D6EBB00DD425A /* Resources */ = {
			isa = PBXResourcesBuildPhase;
			buildActionMask = 2147483647;
			files = (
			);
			runOnlyForDeploymentPostprocessing = 0;
		};
/* End PBXResourcesBuildPhase section */

/* Begin PBXSourcesBuildPhase section */
		8269D31A2F3F9C100000E27B /* Sources */ = {
			isa = PBXSourcesBuildPhase;
			buildActionMask = 2147483647;
			files = (
			);
			runOnlyForDeploymentPostprocessing = 0;
		};
		8269D32A2F3F9C110000E27B /* Sources */ = {
			isa = PBXSourcesBuildPhase;
			buildActionMask = 2147483647;
			files = (
			);
			runOnlyForDeploymentPostprocessing = 0;
		};
		8269D3342F3F9C110000E27B /* Sources */ = {
			isa = PBXSourcesBuildPhase;
			buildActionMask = 2147483647;
			files = (
			);
			runOnlyForDeploymentPostprocessing = 0;
		};
		82E9A3B92F3D6EBA00DD425A /* Sources */ = {
			isa = PBXSourcesBuildPhase;
			buildActionMask = 2147483647;
			files = (
			);
			runOnlyForDeploymentPostprocessing = 0;
		};
		82E9A3C82F3D6EBB00DD425A /* Sources */ = {
			isa = PBXSourcesBuildPhase;
			buildActionMask = 2147483647;
			files = (
			);
			runOnlyForDeploymentPostprocessing = 0;
		};
		82E9A3D22F3D6EBB00DD425A /* Sources */ = {
			isa = PBXSourcesBuildPhase;
			buildActionMask = 2147483647;
			files = (
			);
			runOnlyForDeploymentPostprocessing = 0;
		};
/* End PBXSourcesBuildPhase section */

/* Begin PBXTargetDependency section */
		8269D3302F3F9C110000E27B /* PBXTargetDependency */ = {
			isa = PBXTargetDependency;
			target = 8269D31D2F3F9C100000E27B /* Clip */;
			targetProxy = 8269D32F2F3F9C110000E27B /* PBXContainerItemProxy */;
		};
		8269D33A2F3F9C110000E27B /* PBXTargetDependency */ = {
			isa = PBXTargetDependency;
			target = 8269D31D2F3F9C100000E27B /* Clip */;
			targetProxy = 8269D3392F3F9C110000E27B /* PBXContainerItemProxy */;
		};
		8269D3412F3F9C110000E27B /* PBXTargetDependency */ = {
			isa = PBXTargetDependency;
			target = 8269D31D2F3F9C100000E27B /* Clip */;
			targetProxy = 8269D3402F3F9C110000E27B /* PBXContainerItemProxy */;
		};
		82E9A3CE2F3D6EBB00DD425A /* PBXTargetDependency */ = {
			isa = PBXTargetDependency;
			target = 82E9A3BC2F3D6EBA00DD425A /* TeleportMe */;
			targetProxy = 82E9A3CD2F3D6EBB00DD425A /* PBXContainerItemProxy */;
		};
		82E9A3D82F3D6EBB00DD425A /* PBXTargetDependency */ = {
			isa = PBXTargetDependency;
			target = 82E9A3BC2F3D6EBA00DD425A /* TeleportMe */;
			targetProxy = 82E9A3D72F3D6EBB00DD425A /* PBXContainerItemProxy */;
		};
/* End PBXTargetDependency section */

/* Begin XCBuildConfiguration section */
		8269D3452F3F9C110000E27B /* Debug */ = {
			isa = XCBuildConfiguration;
			buildSettings = {
				ASSETCATALOG_COMPILER_APPICON_NAME = AppIcon;
				ASSETCATALOG_COMPILER_GLOBAL_ACCENT_COLOR_NAME = AccentColor;
				CODE_SIGN_ENTITLEMENTS = Clip/Clip.entitlements;
				CODE_SIGN_STYLE = Automatic;
				CURRENT_PROJECT_VERSION = 1;
				DEVELOPMENT_TEAM = 973RBN29J8;
				ENABLE_PREVIEWS = YES;
				GENERATE_INFOPLIST_FILE = YES;
				INFOPLIST_FILE = Clip/Info.plist;
				INFOPLIST_KEY_CFBundleDisplayName = TeleportMe;
				INFOPLIST_KEY_UIApplicationSceneManifest_Generation = YES;
				INFOPLIST_KEY_UIApplicationSupportsIndirectInputEvents = YES;
				INFOPLIST_KEY_UISupportedInterfaceOrientations_iPad = "UIInterfaceOrientationPortrait UIInterfaceOrientationPortraitUpsideDown UIInterfaceOrientationLandscapeLeft UIInterfaceOrientationLandscapeRight";
				INFOPLIST_KEY_UISupportedInterfaceOrientations_iPhone = "UIInterfaceOrientationPortrait UIInterfaceOrientationLandscapeLeft UIInterfaceOrientationLandscapeRight";
				LD_RUNPATH_SEARCH_PATHS = (
					"$(inherited)",
					"@executable_path/Frameworks",
				);
				MARKETING_VERSION = 1.0;
				PRODUCT_BUNDLE_IDENTIFIER = app.TeleportMe.Clip;
				PRODUCT_NAME = "$(TARGET_NAME)";
				STRING_CATALOG_GENERATE_SYMBOLS = YES;
				SWIFT_APPROACHABLE_CONCURRENCY = YES;
				SWIFT_DEFAULT_ACTOR_ISOLATION = MainActor;
				SWIFT_EMIT_LOC_STRINGS = YES;
				SWIFT_UPCOMING_FEATURE_MEMBER_IMPORT_VISIBILITY = YES;
				SWIFT_VERSION = 5.0;
				TARGETED_DEVICE_FAMILY = "1,2";
			};
			name = Debug;
		};
		8269D3462F3F9C110000E27B /* Release */ = {
			isa = XCBuildConfiguration;
			buildSettings = {
				ASSETCATALOG_COMPILER_APPICON_NAME = AppIcon;
				ASSETCATALOG_COMPILER_GLOBAL_ACCENT_COLOR_NAME = AccentColor;
				CODE_SIGN_ENTITLEMENTS = Clip/Clip.entitlements;
				CODE_SIGN_STYLE = Automatic;
				CURRENT_PROJECT_VERSION = 1;
				DEVELOPMENT_TEAM = 973RBN29J8;
				ENABLE_PREVIEWS = YES;
				GENERATE_INFOPLIST_FILE = YES;
				INFOPLIST_FILE = Clip/Info.plist;
				INFOPLIST_KEY_CFBundleDisplayName = TeleportMe;
				INFOPLIST_KEY_UIApplicationSceneManifest_Generation = YES;
				INFOPLIST_KEY_UIApplicationSupportsIndirectInputEvents = YES;
				INFOPLIST_KEY_UISupportedInterfaceOrientations_iPad = "UIInterfaceOrientationPortrait UIInterfaceOrientationPortraitUpsideDown UIInterfaceOrientationLandscapeLeft UIInterfaceOrientationLandscapeRight";
				INFOPLIST_KEY_UISupportedInterfaceOrientations_iPhone = "UIInterfaceOrientationPortrait UIInterfaceOrientationLandscapeLeft UIInterfaceOrientationLandscapeRight";
				LD_RUNPATH_SEARCH_PATHS = (
					"$(inherited)",
					"@executable_path/Frameworks",
				);
				MARKETING_VERSION = 1.0;
				PRODUCT_BUNDLE_IDENTIFIER = app.TeleportMe.Clip;
				PRODUCT_NAME = "$(TARGET_NAME)";
				STRING_CATALOG_GENERATE_SYMBOLS = YES;
				SWIFT_APPROACHABLE_CONCURRENCY = YES;
				SWIFT_DEFAULT_ACTOR_ISOLATION = MainActor;
				SWIFT_EMIT_LOC_STRINGS = YES;
				SWIFT_UPCOMING_FEATURE_MEMBER_IMPORT_VISIBILITY = YES;
				SWIFT_VERSION = 5.0;
				TARGETED_DEVICE_FAMILY = "1,2";
			};
			name = Release;
		};
		8269D3492F3F9C110000E27B /* Debug */ = {
			isa = XCBuildConfiguration;
			buildSettings = {
				BUNDLE_LOADER = "$(TEST_HOST)";
				CODE_SIGN_STYLE = Automatic;
				CURRENT_PROJECT_VERSION = 1;
				DEVELOPMENT_TEAM = 973RBN29J8;
				GENERATE_INFOPLIST_FILE = YES;
				IPHONEOS_DEPLOYMENT_TARGET = 26.2;
				MARKETING_VERSION = 1.0;
				PRODUCT_BUNDLE_IDENTIFIER = app.TeleportMe.ClipTests;
				PRODUCT_NAME = "$(TARGET_NAME)";
				STRING_CATALOG_GENERATE_SYMBOLS = NO;
				SWIFT_APPROACHABLE_CONCURRENCY = YES;
				SWIFT_EMIT_LOC_STRINGS = NO;
				SWIFT_UPCOMING_FEATURE_MEMBER_IMPORT_VISIBILITY = YES;
				SWIFT_VERSION = 5.0;
				TARGETED_DEVICE_FAMILY = "1,2";
				TEST_HOST = "$(BUILT_PRODUCTS_DIR)/Clip.app/$(BUNDLE_EXECUTABLE_FOLDER_PATH)/Clip";
			};
			name = Debug;
		};
		8269D34A2F3F9C110000E27B /* Release */ = {
			isa = XCBuildConfiguration;
			buildSettings = {
				BUNDLE_LOADER = "$(TEST_HOST)";
				CODE_SIGN_STYLE = Automatic;
				CURRENT_PROJECT_VERSION = 1;
				DEVELOPMENT_TEAM = 973RBN29J8;
				GENERATE_INFOPLIST_FILE = YES;
				IPHONEOS_DEPLOYMENT_TARGET = 26.2;
				MARKETING_VERSION = 1.0;
				PRODUCT_BUNDLE_IDENTIFIER = app.TeleportMe.ClipTests;
				PRODUCT_NAME = "$(TARGET_NAME)";
				STRING_CATALOG_GENERATE_SYMBOLS = NO;
				SWIFT_APPROACHABLE_CONCURRENCY = YES;
				SWIFT_EMIT_LOC_STRINGS = NO;
				SWIFT_UPCOMING_FEATURE_MEMBER_IMPORT_VISIBILITY = YES;
				SWIFT_VERSION = 5.0;
				TARGETED_DEVICE_FAMILY = "1,2";
				TEST_HOST = "$(BUILT_PRODUCTS_DIR)/Clip.app/$(BUNDLE_EXECUTABLE_FOLDER_PATH)/Clip";
			};
			name = Release;
		};
		8269D34C2F3F9C110000E27B /* Debug */ = {
			isa = XCBuildConfiguration;
			buildSettings = {
				CODE_SIGN_STYLE = Automatic;
				CURRENT_PROJECT_VERSION = 1;
				DEVELOPMENT_TEAM = 973RBN29J8;
				GENERATE_INFOPLIST_FILE = YES;
				MARKETING_VERSION = 1.0;
				PRODUCT_BUNDLE_IDENTIFIER = app.TeleportMe.ClipUITests;
				PRODUCT_NAME = "$(TARGET_NAME)";
				STRING_CATALOG_GENERATE_SYMBOLS = NO;
				SWIFT_APPROACHABLE_CONCURRENCY = YES;
				SWIFT_EMIT_LOC_STRINGS = NO;
				SWIFT_UPCOMING_FEATURE_MEMBER_IMPORT_VISIBILITY = YES;
				SWIFT_VERSION = 5.0;
				TARGETED_DEVICE_FAMILY = "1,2";
				TEST_TARGET_NAME = Clip;
			};
			name = Debug;
		};
		8269D34D2F3F9C110000E27B /* Release */ = {
			isa = XCBuildConfiguration;
			buildSettings = {
				CODE_SIGN_STYLE = Automatic;
				CURRENT_PROJECT_VERSION = 1;
				DEVELOPMENT_TEAM = 973RBN29J8;
				GENERATE_INFOPLIST_FILE = YES;
				MARKETING_VERSION = 1.0;
				PRODUCT_BUNDLE_IDENTIFIER = app.TeleportMe.ClipUITests;
				PRODUCT_NAME = "$(TARGET_NAME)";
				STRING_CATALOG_GENERATE_SYMBOLS = NO;
				SWIFT_APPROACHABLE_CONCURRENCY = YES;
				SWIFT_EMIT_LOC_STRINGS = NO;
				SWIFT_UPCOMING_FEATURE_MEMBER_IMPORT_VISIBILITY = YES;
				SWIFT_VERSION = 5.0;
				TARGETED_DEVICE_FAMILY = "1,2";
				TEST_TARGET_NAME = Clip;
			};
			name = Release;
		};
		82E9A3DE2F3D6EBB00DD425A /* Debug */ = {
			isa = XCBuildConfiguration;
			buildSettings = {
				ALWAYS_SEARCH_USER_PATHS = NO;
				ASSETCATALOG_COMPILER_GENERATE_SWIFT_ASSET_SYMBOL_EXTENSIONS = YES;
				CLANG_ANALYZER_NONNULL = YES;
				CLANG_ANALYZER_NUMBER_OBJECT_CONVERSION = YES_AGGRESSIVE;
				CLANG_CXX_LANGUAGE_STANDARD = "gnu++20";
				CLANG_ENABLE_MODULES = YES;
				CLANG_ENABLE_OBJC_ARC = YES;
				CLANG_ENABLE_OBJC_WEAK = YES;
				CLANG_WARN_BLOCK_CAPTURE_AUTORELEASING = YES;
				CLANG_WARN_BOOL_CONVERSION = YES;
				CLANG_WARN_COMMA = YES;
				CLANG_WARN_CONSTANT_CONVERSION = YES;
				CLANG_WARN_DEPRECATED_OBJC_IMPLEMENTATIONS = YES;
				CLANG_WARN_DIRECT_OBJC_ISA_USAGE = YES_ERROR;
				CLANG_WARN_DOCUMENTATION_COMMENTS = YES;
				CLANG_WARN_EMPTY_BODY = YES;
				CLANG_WARN_ENUM_CONVERSION = YES;
				CLANG_WARN_INFINITE_RECURSION = YES;
				CLANG_WARN_INT_CONVERSION = YES;
				CLANG_WARN_NON_LITERAL_NULL_CONVERSION = YES;
				CLANG_WARN_OBJC_IMPLICIT_RETAIN_SELF = YES;
				CLANG_WARN_OBJC_LITERAL_CONVERSION = YES;
				CLANG_WARN_OBJC_ROOT_CLASS = YES_ERROR;
				CLANG_WARN_QUOTED_INCLUDE_IN_FRAMEWORK_HEADER = YES;
				CLANG_WARN_RANGE_LOOP_ANALYSIS = YES;
				CLANG_WARN_STRICT_PROTOTYPES = YES;
				CLANG_WARN_SUSPICIOUS_MOVE = YES;
				CLANG_WARN_UNGUARDED_AVAILABILITY = YES_AGGRESSIVE;
				CLANG_WARN_UNREACHABLE_CODE = YES;
				CLANG_WARN__DUPLICATE_METHOD_MATCH = YES;
				COPY_PHASE_STRIP = NO;
				DEBUG_INFORMATION_FORMAT = dwarf;
				DEVELOPMENT_TEAM = 973RBN29J8;
				ENABLE_STRICT_OBJC_MSGSEND = YES;
				ENABLE_TESTABILITY = YES;
				ENABLE_USER_SCRIPT_SANDBOXING = YES;
				GCC_C_LANGUAGE_STANDARD = gnu17;
				GCC_DYNAMIC_NO_PIC = NO;
				GCC_NO_COMMON_BLOCKS = YES;
				GCC_OPTIMIZATION_LEVEL = 0;
				GCC_PREPROCESSOR_DEFINITIONS = (
					"DEBUG=1",
					"$(inherited)",
				);
				GCC_WARN_64_TO_32_BIT_CONVERSION = YES;
				GCC_WARN_ABOUT_RETURN_TYPE = YES_ERROR;
				GCC_WARN_UNDECLARED_SELECTOR = YES;
				GCC_WARN_UNINITIALIZED_AUTOS = YES_AGGRESSIVE;
				GCC_WARN_UNUSED_FUNCTION = YES;
				GCC_WARN_UNUSED_VARIABLE = YES;
				IPHONEOS_DEPLOYMENT_TARGET = 26.2;
				LOCALIZATION_PREFERS_STRING_CATALOGS = YES;
				MTL_ENABLE_DEBUG_INFO = INCLUDE_SOURCE;
				MTL_FAST_MATH = YES;
				ONLY_ACTIVE_ARCH = YES;
				SDKROOT = iphoneos;
				SWIFT_ACTIVE_COMPILATION_CONDITIONS = "DEBUG $(inherited)";
				SWIFT_OPTIMIZATION_LEVEL = "-Onone";
			};
			name = Debug;
		};
		82E9A3DF2F3D6EBB00DD425A /* Release */ = {
			isa = XCBuildConfiguration;
			buildSettings = {
				ALWAYS_SEARCH_USER_PATHS = NO;
				ASSETCATALOG_COMPILER_GENERATE_SWIFT_ASSET_SYMBOL_EXTENSIONS = YES;
				CLANG_ANALYZER_NONNULL = YES;
				CLANG_ANALYZER_NUMBER_OBJECT_CONVERSION = YES_AGGRESSIVE;
				CLANG_CXX_LANGUAGE_STANDARD = "gnu++20";
				CLANG_ENABLE_MODULES = YES;
				CLANG_ENABLE_OBJC_ARC = YES;
				CLANG_ENABLE_OBJC_WEAK = YES;
				CLANG_WARN_BLOCK_CAPTURE_AUTORELEASING = YES;
				CLANG_WARN_BOOL_CONVERSION = YES;
				CLANG_WARN_COMMA = YES;
				CLANG_WARN_CONSTANT_CONVERSION = YES;
				CLANG_WARN_DEPRECATED_OBJC_IMPLEMENTATIONS = YES;
				CLANG_WARN_DIRECT_OBJC_ISA_USAGE = YES_ERROR;
				CLANG_WARN_DOCUMENTATION_COMMENTS = YES;
				CLANG_WARN_EMPTY_BODY = YES;
				CLANG_WARN_ENUM_CONVERSION = YES;
				CLANG_WARN_INFINITE_RECURSION = YES;
				CLANG_WARN_INT_CONVERSION = YES;
				CLANG_WARN_NON_LITERAL_NULL_CONVERSION = YES;
				CLANG_WARN_OBJC_IMPLICIT_RETAIN_SELF = YES;
				CLANG_WARN_OBJC_LITERAL_CONVERSION = YES;
				CLANG_WARN_OBJC_ROOT_CLASS = YES_ERROR;
				CLANG_WARN_QUOTED_INCLUDE_IN_FRAMEWORK_HEADER = YES;
				CLANG_WARN_RANGE_LOOP_ANALYSIS = YES;
				CLANG_WARN_STRICT_PROTOTYPES = YES;
				CLANG_WARN_SUSPICIOUS_MOVE = YES;
				CLANG_WARN_UNGUARDED_AVAILABILITY = YES_AGGRESSIVE;
				CLANG_WARN_UNREACHABLE_CODE = YES;
				CLANG_WARN__DUPLICATE_METHOD_MATCH = YES;
				COPY_PHASE_STRIP = NO;
				DEBUG_INFORMATION_FORMAT = "dwarf-with-dsym";
				DEVELOPMENT_TEAM = 973RBN29J8;
				ENABLE_NS_ASSERTIONS = NO;
				ENABLE_STRICT_OBJC_MSGSEND = YES;
				ENABLE_USER_SCRIPT_SANDBOXING = YES;
				GCC_C_LANGUAGE_STANDARD = gnu17;
				GCC_NO_COMMON_BLOCKS = YES;
				GCC_WARN_64_TO_32_BIT_CONVERSION = YES;
				GCC_WARN_ABOUT_RETURN_TYPE = YES_ERROR;
				GCC_WARN_UNDECLARED_SELECTOR = YES;
				GCC_WARN_UNINITIALIZED_AUTOS = YES_AGGRESSIVE;
				GCC_WARN_UNUSED_FUNCTION = YES;
				GCC_WARN_UNUSED_VARIABLE = YES;
				IPHONEOS_DEPLOYMENT_TARGET = 26.2;
				LOCALIZATION_PREFERS_STRING_CATALOGS = YES;
				MTL_ENABLE_DEBUG_INFO = NO;
				MTL_FAST_MATH = YES;
				SDKROOT = iphoneos;
				SWIFT_COMPILATION_MODE = wholemodule;
				VALIDATE_PRODUCT = YES;
			};
			name = Release;
		};
		82E9A3E12F3D6EBB00DD425A /* Debug */ = {
			isa = XCBuildConfiguration;
			buildSettings = {
				ASSETCATALOG_COMPILER_APPICON_NAME = AppIcon;
				ASSETCATALOG_COMPILER_GLOBAL_ACCENT_COLOR_NAME = AccentColor;
				CODE_SIGN_ENTITLEMENTS = TeleportMe/TeleportMe.entitlements;
				CODE_SIGN_STYLE = Automatic;
				CURRENT_PROJECT_VERSION = 1;
				DEVELOPMENT_TEAM = 973RBN29J8;
				ENABLE_PREVIEWS = YES;
				GENERATE_INFOPLIST_FILE = YES;
				INFOPLIST_FILE = TeleportMe/Info.plist;
				INFOPLIST_KEY_UIApplicationSceneManifest_Generation = YES;
				INFOPLIST_KEY_UIApplicationSupportsIndirectInputEvents = YES;
				INFOPLIST_KEY_UISupportedInterfaceOrientations_iPad = "UIInterfaceOrientationPortrait UIInterfaceOrientationPortraitUpsideDown UIInterfaceOrientationLandscapeLeft UIInterfaceOrientationLandscapeRight";
				INFOPLIST_KEY_UISupportedInterfaceOrientations_iPhone = "UIInterfaceOrientationPortrait UIInterfaceOrientationLandscapeLeft UIInterfaceOrientationLandscapeRight";
				LD_RUNPATH_SEARCH_PATHS = (
					"$(inherited)",
					"@executable_path/Frameworks",
				);
				MARKETING_VERSION = 1.0;
				PRODUCT_BUNDLE_IDENTIFIER = app.TeleportMe;
				PRODUCT_NAME = "$(TARGET_NAME)";
				STRING_CATALOG_GENERATE_SYMBOLS = YES;
				SWIFT_APPROACHABLE_CONCURRENCY = YES;
				SWIFT_DEFAULT_ACTOR_ISOLATION = MainActor;
				SWIFT_EMIT_LOC_STRINGS = YES;
				SWIFT_UPCOMING_FEATURE_MEMBER_IMPORT_VISIBILITY = YES;
				SWIFT_VERSION = 5.0;
				TARGETED_DEVICE_FAMILY = "1,2";
			};
			name = Debug;
		};
		82E9A3E22F3D6EBB00DD425A /* Release */ = {
			isa = XCBuildConfiguration;
			buildSettings = {
				ASSETCATALOG_COMPILER_APPICON_NAME = AppIcon;
				ASSETCATALOG_COMPILER_GLOBAL_ACCENT_COLOR_NAME = AccentColor;
				CODE_SIGN_ENTITLEMENTS = TeleportMe/TeleportMe.entitlements;
				CODE_SIGN_STYLE = Automatic;
				CURRENT_PROJECT_VERSION = 1;
				DEVELOPMENT_TEAM = 973RBN29J8;
				ENABLE_PREVIEWS = YES;
				GENERATE_INFOPLIST_FILE = YES;
				INFOPLIST_FILE = TeleportMe/Info.plist;
				INFOPLIST_KEY_UIApplicationSceneManifest_Generation = YES;
				INFOPLIST_KEY_UIApplicationSupportsIndirectInputEvents = YES;
				INFOPLIST_KEY_UISupportedInterfaceOrientations_iPad = "UIInterfaceOrientationPortrait UIInterfaceOrientationPortraitUpsideDown UIInterfaceOrientationLandscapeLeft UIInterfaceOrientationLandscapeRight";
				INFOPLIST_KEY_UISupportedInterfaceOrientations_iPhone = "UIInterfaceOrientationPortrait UIInterfaceOrientationLandscapeLeft UIInterfaceOrientationLandscapeRight";
				LD_RUNPATH_SEARCH_PATHS = (
					"$(inherited)",
					"@executable_path/Frameworks",
				);
				MARKETING_VERSION = 1.0;
				PRODUCT_BUNDLE_IDENTIFIER = app.TeleportMe;
				PRODUCT_NAME = "$(TARGET_NAME)";
				STRING_CATALOG_GENERATE_SYMBOLS = YES;
				SWIFT_APPROACHABLE_CONCURRENCY = YES;
				SWIFT_DEFAULT_ACTOR_ISOLATION = MainActor;
				SWIFT_EMIT_LOC_STRINGS = YES;
				SWIFT_UPCOMING_FEATURE_MEMBER_IMPORT_VISIBILITY = YES;
				SWIFT_VERSION = 5.0;
				TARGETED_DEVICE_FAMILY = "1,2";
			};
			name = Release;
		};
		82E9A3E42F3D6EBB00DD425A /* Debug */ = {
			isa = XCBuildConfiguration;
			buildSettings = {
				BUNDLE_LOADER = "$(TEST_HOST)";
				CODE_SIGN_STYLE = Automatic;
				CURRENT_PROJECT_VERSION = 1;
				DEVELOPMENT_TEAM = 973RBN29J8;
				GENERATE_INFOPLIST_FILE = YES;
				IPHONEOS_DEPLOYMENT_TARGET = 26.2;
				MARKETING_VERSION = 1.0;
				PRODUCT_BUNDLE_IDENTIFIER = app.TeleportMeTests;
				PRODUCT_NAME = "$(TARGET_NAME)";
				STRING_CATALOG_GENERATE_SYMBOLS = NO;
				SWIFT_APPROACHABLE_CONCURRENCY = YES;
				SWIFT_EMIT_LOC_STRINGS = NO;
				SWIFT_UPCOMING_FEATURE_MEMBER_IMPORT_VISIBILITY = YES;
				SWIFT_VERSION = 5.0;
				TARGETED_DEVICE_FAMILY = "1,2";
				TEST_HOST = "$(BUILT_PRODUCTS_DIR)/TeleportMe.app/$(BUNDLE_EXECUTABLE_FOLDER_PATH)/TeleportMe";
			};
			name = Debug;
		};
		82E9A3E52F3D6EBB00DD425A /* Release */ = {
			isa = XCBuildConfiguration;
			buildSettings = {
				BUNDLE_LOADER = "$(TEST_HOST)";
				CODE_SIGN_STYLE = Automatic;
				CURRENT_PROJECT_VERSION = 1;
				DEVELOPMENT_TEAM = 973RBN29J8;
				GENERATE_INFOPLIST_FILE = YES;
				IPHONEOS_DEPLOYMENT_TARGET = 26.2;
				MARKETING_VERSION = 1.0;
				PRODUCT_BUNDLE_IDENTIFIER = app.TeleportMeTests;
				PRODUCT_NAME = "$(TARGET_NAME)";
				STRING_CATALOG_GENERATE_SYMBOLS = NO;
				SWIFT_APPROACHABLE_CONCURRENCY = YES;
				SWIFT_EMIT_LOC_STRINGS = NO;
				SWIFT_UPCOMING_FEATURE_MEMBER_IMPORT_VISIBILITY = YES;
				SWIFT_VERSION = 5.0;
				TARGETED_DEVICE_FAMILY = "1,2";
				TEST_HOST = "$(BUILT_PRODUCTS_DIR)/TeleportMe.app/$(BUNDLE_EXECUTABLE_FOLDER_PATH)/TeleportMe";
			};
			name = Release;
		};
		82E9A3E72F3D6EBB00DD425A /* Debug */ = {
			isa = XCBuildConfiguration;
			buildSettings = {
				CODE_SIGN_STYLE = Automatic;
				CURRENT_PROJECT_VERSION = 1;
				DEVELOPMENT_TEAM = 973RBN29J8;
				GENERATE_INFOPLIST_FILE = YES;
				MARKETING_VERSION = 1.0;
				PRODUCT_BUNDLE_IDENTIFIER = app.TeleportMeUITests;
				PRODUCT_NAME = "$(TARGET_NAME)";
				STRING_CATALOG_GENERATE_SYMBOLS = NO;
				SWIFT_APPROACHABLE_CONCURRENCY = YES;
				SWIFT_EMIT_LOC_STRINGS = NO;
				SWIFT_UPCOMING_FEATURE_MEMBER_IMPORT_VISIBILITY = YES;
				SWIFT_VERSION = 5.0;
				TARGETED_DEVICE_FAMILY = "1,2";
				TEST_TARGET_NAME = TeleportMe;
			};
			name = Debug;
		};
		82E9A3E82F3D6EBB00DD425A /* Release */ = {
			isa = XCBuildConfiguration;
			buildSettings = {
				CODE_SIGN_STYLE = Automatic;
				CURRENT_PROJECT_VERSION = 1;
				DEVELOPMENT_TEAM = 973RBN29J8;
				GENERATE_INFOPLIST_FILE = YES;
				MARKETING_VERSION = 1.0;
				PRODUCT_BUNDLE_IDENTIFIER = app.TeleportMeUITests;
				PRODUCT_NAME = "$(TARGET_NAME)";
				STRING_CATALOG_GENERATE_SYMBOLS = NO;
				SWIFT_APPROACHABLE_CONCURRENCY = YES;
				SWIFT_EMIT_LOC_STRINGS = NO;
				SWIFT_UPCOMING_FEATURE_MEMBER_IMPORT_VISIBILITY = YES;
				SWIFT_VERSION = 5.0;
				TARGETED_DEVICE_FAMILY = "1,2";
				TEST_TARGET_NAME = TeleportMe;
			};
			name = Release;
		};
/* End XCBuildConfiguration section */

/* Begin XCConfigurationList section */
		8269D3442F3F9C110000E27B /* Build configuration list for PBXNativeTarget "Clip" */ = {
			isa = XCConfigurationList;
			buildConfigurations = (
				8269D3452F3F9C110000E27B /* Debug */,
				8269D3462F3F9C110000E27B /* Release */,
			);
			defaultConfigurationIsVisible = 0;
			defaultConfigurationName = Release;
		};
		8269D3482F3F9C110000E27B /* Build configuration list for PBXNativeTarget "ClipTests" */ = {
			isa = XCConfigurationList;
			buildConfigurations = (
				8269D3492F3F9C110000E27B /* Debug */,
				8269D34A2F3F9C110000E27B /* Release */,
			);
			defaultConfigurationIsVisible = 0;
			defaultConfigurationName = Release;
		};
		8269D34B2F3F9C110000E27B /* Build configuration list for PBXNativeTarget "ClipUITests" */ = {
			isa = XCConfigurationList;
			buildConfigurations = (
				8269D34C2F3F9C110000E27B /* Debug */,
				8269D34D2F3F9C110000E27B /* Release */,
			);
			defaultConfigurationIsVisible = 0;
			defaultConfigurationName = Release;
		};
		82E9A3B82F3D6EBA00DD425A /* Build configuration list for PBXProject "TeleportMe" */ = {
			isa = XCConfigurationList;
			buildConfigurations = (
				82E9A3DE2F3D6EBB00DD425A /* Debug */,
				82E9A3DF2F3D6EBB00DD425A /* Release */,
			);
			defaultConfigurationIsVisible = 0;
			defaultConfigurationName = Release;
		};
		82E9A3E02F3D6EBB00DD425A /* Build configuration list for PBXNativeTarget "TeleportMe" */ = {
			isa = XCConfigurationList;
			buildConfigurations = (
				82E9A3E12F3D6EBB00DD425A /* Debug */,
				82E9A3E22F3D6EBB00DD425A /* Release */,
			);
			defaultConfigurationIsVisible = 0;
			defaultConfigurationName = Release;
		};
		82E9A3E32F3D6EBB00DD425A /* Build configuration list for PBXNativeTarget "TeleportMeTests" */ = {
			isa = XCConfigurationList;
			buildConfigurations = (
				82E9A3E42F3D6EBB00DD425A /* Debug */,
				82E9A3E52F3D6EBB00DD425A /* Release */,
			);
			defaultConfigurationIsVisible = 0;
			defaultConfigurationName = Release;
		};
		82E9A3E62F3D6EBB00DD425A /* Build configuration list for PBXNativeTarget "TeleportMeUITests" */ = {
			isa = XCConfigurationList;
			buildConfigurations = (
				82E9A3E72F3D6EBB00DD425A /* Debug */,
				82E9A3E82F3D6EBB00DD425A /* Release */,
			);
			defaultConfigurationIsVisible = 0;
			defaultConfigurationName = Release;
		};
/* End XCConfigurationList section */

/* Begin XCRemoteSwiftPackageReference section */
		82E9A3E92F3D6F2D00DD425A /* XCRemoteSwiftPackageReference "supabase-swift" */ = {
			isa = XCRemoteSwiftPackageReference;
			repositoryURL = "https://github.com/supabase-community/supabase-swift";
			requirement = {
				kind = upToNextMajorVersion;
				minimumVersion = 2.5.1;
			};
		};
/* End XCRemoteSwiftPackageReference section */

/* Begin XCSwiftPackageProductDependency section */
		826AA0102F3FA0010000E27B /* Supabase */ = {
			isa = XCSwiftPackageProductDependency;
			package = 82E9A3E92F3D6F2D00DD425A /* XCRemoteSwiftPackageReference "supabase-swift" */;
			productName = Supabase;
		};
		826AA0112F3FA0010000E27B /* Functions */ = {
			isa = XCSwiftPackageProductDependency;
			package = 82E9A3E92F3D6F2D00DD425A /* XCRemoteSwiftPackageReference "supabase-swift" */;
			productName = Functions;
		};
		826AA0122F3FA0010000E27B /* PostgREST */ = {
			isa = XCSwiftPackageProductDependency;
			package = 82E9A3E92F3D6F2D00DD425A /* XCRemoteSwiftPackageReference "supabase-swift" */;
			productName = PostgREST;
		};
		82E9A3EA2F3D6F2D00DD425A /* Auth */ = {
			isa = XCSwiftPackageProductDependency;
			package = 82E9A3E92F3D6F2D00DD425A /* XCRemoteSwiftPackageReference "supabase-swift" */;
			productName = Auth;
		};
		82E9A3EC2F3D6F2D00DD425A /* Functions */ = {
			isa = XCSwiftPackageProductDependency;
			package = 82E9A3E92F3D6F2D00DD425A /* XCRemoteSwiftPackageReference "supabase-swift" */;
			productName = Functions;
		};
		82E9A3EE2F3D6F2D00DD425A /* PostgREST */ = {
			isa = XCSwiftPackageProductDependency;
			package = 82E9A3E92F3D6F2D00DD425A /* XCRemoteSwiftPackageReference "supabase-swift" */;
			productName = PostgREST;
		};
		82E9A3F02F3D6F2D00DD425A /* Realtime */ = {
			isa = XCSwiftPackageProductDependency;
			package = 82E9A3E92F3D6F2D00DD425A /* XCRemoteSwiftPackageReference "supabase-swift" */;
			productName = Realtime;
		};
		82E9A3F22F3D6F2D00DD425A /* Storage */ = {
			isa = XCSwiftPackageProductDependency;
			package = 82E9A3E92F3D6F2D00DD425A /* XCRemoteSwiftPackageReference "supabase-swift" */;
			productName = Storage;
		};
		82E9A3FF2F3D700000DD425A /* Supabase */ = {
			isa = XCSwiftPackageProductDependency;
			package = 82E9A3E92F3D6F2D00DD425A /* XCRemoteSwiftPackageReference "supabase-swift" */;
			productName = Supabase;
		};
/* End XCSwiftPackageProductDependency section */
	};
	rootObject = 82E9A3B52F3D6EBA00DD425A /* Project object */;
}
